// !$*UTF8*$!
{
	archiveVersion = 1;
	classes = {
	};
	objectVersion = 50;
	objects = {

/* Begin PBXBuildFile section */
		C530B9F823AEE92200873610 /* AppDelegate.swift in Sources */ = {isa = PBXBuildFile; fileRef = C530B9F723AEE92200873610 /* AppDelegate.swift */; };
		C530B9FA23AEE92200873610 /* SceneDelegate.swift in Sources */ = {isa = PBXBuildFile; fileRef = C530B9F923AEE92200873610 /* SceneDelegate.swift */; };
		C530B9FC23AEE92200873610 /* ViewController.swift in Sources */ = {isa = PBXBuildFile; fileRef = C530B9FB23AEE92200873610 /* ViewController.swift */; };
		C530B9FF23AEE92200873610 /* Main.storyboard in Resources */ = {isa = PBXBuildFile; fileRef = C530B9FD23AEE92200873610 /* Main.storyboard */; };
		C530BA0123AEE92500873610 /* Assets.xcassets in Resources */ = {isa = PBXBuildFile; fileRef = C530BA0023AEE92500873610 /* Assets.xcassets */; };
		C530BA0423AEE92500873610 /* LaunchScreen.storyboard in Resources */ = {isa = PBXBuildFile; fileRef = C530BA0223AEE92500873610 /* LaunchScreen.storyboard */; };
		C530BA0F23AEE92500873610 /* SchoolRatingTests.swift in Sources */ = {isa = PBXBuildFile; fileRef = C530BA0E23AEE92500873610 /* SchoolRatingTests.swift */; };
		C530BA1A23AEE92500873610 /* SchoolRatingUITests.swift in Sources */ = {isa = PBXBuildFile; fileRef = C530BA1923AEE92500873610 /* SchoolRatingUITests.swift */; };
/* End PBXBuildFile section */

/* Begin PBXContainerItemProxy section */
		C530BA0B23AEE92500873610 /* PBXContainerItemProxy */ = {
			isa = PBXContainerItemProxy;
			containerPortal = C530B9EC23AEE92200873610 /* Project object */;
			proxyType = 1;
			remoteGlobalIDString = C530B9F323AEE92200873610;
			remoteInfo = SchoolRating;
		};
		C530BA1623AEE92500873610 /* PBXContainerItemProxy */ = {
			isa = PBXContainerItemProxy;
			containerPortal = C530B9EC23AEE92200873610 /* Project object */;
			proxyType = 1;
			remoteGlobalIDString = C530B9F323AEE92200873610;
			remoteInfo = SchoolRating;
		};
/* End PBXContainerItemProxy section */

/* Begin PBXFileReference section */
		C530B9F423AEE92200873610 /* SchoolRating.app */ = {isa = PBXFileReference; explicitFileType = wrapper.application; includeInIndex = 0; path = SchoolRating.app; sourceTree = BUILT_PRODUCTS_DIR; };
		C530B9F723AEE92200873610 /* AppDelegate.swift */ = {isa = PBXFileReference; lastKnownFileType = sourcecode.swift; path = AppDelegate.swift; sourceTree = "<group>"; };
		C530B9F923AEE92200873610 /* SceneDelegate.swift */ = {isa = PBXFileReference; lastKnownFileType = sourcecode.swift; path = SceneDelegate.swift; sourceTree = "<group>"; };
		C530B9FB23AEE92200873610 /* ViewController.swift */ = {isa = PBXFileReference; lastKnownFileType = sourcecode.swift; path = ViewController.swift; sourceTree = "<group>"; };
		C530B9FE23AEE92200873610 /* Base */ = {isa = PBXFileReference; lastKnownFileType = file.storyboard; name = Base; path = Base.lproj/Main.storyboard; sourceTree = "<group>"; };
		C530BA0023AEE92500873610 /* Assets.xcassets */ = {isa = PBXFileReference; lastKnownFileType = folder.assetcatalog; path = Assets.xcassets; sourceTree = "<group>"; };
		C530BA0323AEE92500873610 /* Base */ = {isa = PBXFileReference; lastKnownFileType = file.storyboard; name = Base; path = Base.lproj/LaunchScreen.storyboard; sourceTree = "<group>"; };
		C530BA0523AEE92500873610 /* Info.plist */ = {isa = PBXFileReference; lastKnownFileType = text.plist.xml; path = Info.plist; sourceTree = "<group>"; };
		C530BA0A23AEE92500873610 /* SchoolRatingTests.xctest */ = {isa = PBXFileReference; explicitFileType = wrapper.cfbundle; includeInIndex = 0; path = SchoolRatingTests.xctest; sourceTree = BUILT_PRODUCTS_DIR; };
		C530BA0E23AEE92500873610 /* SchoolRatingTests.swift */ = {isa = PBXFileReference; lastKnownFileType = sourcecode.swift; path = SchoolRatingTests.swift; sourceTree = "<group>"; };
		C530BA1023AEE92500873610 /* Info.plist */ = {isa = PBXFileReference; lastKnownFileType = text.plist.xml; path = Info.plist; sourceTree = "<group>"; };
		C530BA1523AEE92500873610 /* SchoolRatingUITests.xctest */ = {isa = PBXFileReference; explicitFileType = wrapper.cfbundle; includeInIndex = 0; path = SchoolRatingUITests.xctest; sourceTree = BUILT_PRODUCTS_DIR; };
		C530BA1923AEE92500873610 /* SchoolRatingUITests.swift */ = {isa = PBXFileReference; lastKnownFileType = sourcecode.swift; path = SchoolRatingUITests.swift; sourceTree = "<group>"; };
		C530BA1B23AEE92500873610 /* Info.plist */ = {isa = PBXFileReference; lastKnownFileType = text.plist.xml; path = Info.plist; sourceTree = "<group>"; };
/* End PBXFileReference section */

/* Begin PBXFrameworksBuildPhase section */
		C530B9F123AEE92200873610 /* Frameworks */ = {
			isa = PBXFrameworksBuildPhase;
			buildActionMask = 2147483647;
			files = (
			);
			runOnlyForDeploymentPostprocessing = 0;
		};
		C530BA0723AEE92500873610 /* Frameworks */ = {
			isa = PBXFrameworksBuildPhase;
			buildActionMask = 2147483647;
			files = (
			);
			runOnlyForDeploymentPostprocessing = 0;
		};
		C530BA1223AEE92500873610 /* Frameworks */ = {
			isa = PBXFrameworksBuildPhase;
			buildActionMask = 2147483647;
			files = (
			);
			runOnlyForDeploymentPostprocessing = 0;
		};
/* End PBXFrameworksBuildPhase section */

/* Begin PBXGroup section */
		C530B9EB23AEE92200873610 = {
			isa = PBXGroup;
			children = (
				C530B9F623AEE92200873610 /* SchoolRating */,
				C530BA0D23AEE92500873610 /* SchoolRatingTests */,
				C530BA1823AEE92500873610 /* SchoolRatingUITests */,
				C530B9F523AEE92200873610 /* Products */,
			);
			sourceTree = "<group>";
		};
		C530B9F523AEE92200873610 /* Products */ = {
			isa = PBXGroup;
			children = (
				C530B9F423AEE92200873610 /* SchoolRating.app */,
				C530BA0A23AEE92500873610 /* SchoolRatingTests.xctest */,
				C530BA1523AEE92500873610 /* SchoolRatingUITests.xctest */,
			);
			name = Products;
			sourceTree = "<group>";
		};
		C530B9F623AEE92200873610 /* SchoolRating */ = {
			isa = PBXGroup;
			children = (
				C530B9F723AEE92200873610 /* AppDelegate.swift */,
				C530B9F923AEE92200873610 /* SceneDelegate.swift */,
				C530B9FB23AEE92200873610 /* ViewController.swift */,
				C530B9FD23AEE92200873610 /* Main.storyboard */,
				C530BA0023AEE92500873610 /* Assets.xcassets */,
				C530BA0223AEE92500873610 /* LaunchScreen.storyboard */,
				C530BA0523AEE92500873610 /* Info.plist */,
			);
			path = SchoolRating;
			sourceTree = "<group>";
		};
		C530BA0D23AEE92500873610 /* SchoolRatingTests */ = {
			isa = PBXGroup;
			children = (
				C530BA0E23AEE92500873610 /* SchoolRatingTests.swift */,
				C530BA1023AEE92500873610 /* Info.plist */,
			);
			path = SchoolRatingTests;
			sourceTree = "<group>";
		};
		C530BA1823AEE92500873610 /* SchoolRatingUITests */ = {
			isa = PBXGroup;
			children = (
				C530BA1923AEE92500873610 /* SchoolRatingUITests.swift */,
				C530BA1B23AEE92500873610 /* Info.plist */,
			);
			path = SchoolRatingUITests;
			sourceTree = "<group>";
		};
/* End PBXGroup section */

/* Begin PBXNativeTarget section */
		C530B9F323AEE92200873610 /* SchoolRating */ = {
			isa = PBXNativeTarget;
			buildConfigurationList = C530BA1E23AEE92500873610 /* Build configuration list for PBXNativeTarget "SchoolRating" */;
			buildPhases = (
				C530B9F023AEE92200873610 /* Sources */,
				C530B9F123AEE92200873610 /* Frameworks */,
				C530B9F223AEE92200873610 /* Resources */,
			);
			buildRules = (
			);
			dependencies = (
			);
			name = SchoolRating;
			productName = SchoolRating;
			productReference = C530B9F423AEE92200873610 /* SchoolRating.app */;
			productType = "com.apple.product-type.application";
		};
		C530BA0923AEE92500873610 /* SchoolRatingTests */ = {
			isa = PBXNativeTarget;
			buildConfigurationList = C530BA2123AEE92500873610 /* Build configuration list for PBXNativeTarget "SchoolRatingTests" */;
			buildPhases = (
				C530BA0623AEE92500873610 /* Sources */,
				C530BA0723AEE92500873610 /* Frameworks */,
				C530BA0823AEE92500873610 /* Resources */,
			);
			buildRules = (
			);
			dependencies = (
				C530BA0C23AEE92500873610 /* PBXTargetDependency */,
			);
			name = SchoolRatingTests;
			productName = SchoolRatingTests;
			productReference = C530BA0A23AEE92500873610 /* SchoolRatingTests.xctest */;
			productType = "com.apple.product-type.bundle.unit-test";
		};
		C530BA1423AEE92500873610 /* SchoolRatingUITests */ = {
			isa = PBXNativeTarget;
			buildConfigurationList = C530BA2423AEE92500873610 /* Build configuration list for PBXNativeTarget "SchoolRatingUITests" */;
			buildPhases = (
				C530BA1123AEE92500873610 /* Sources */,
				C530BA1223AEE92500873610 /* Frameworks */,
				C530BA1323AEE92500873610 /* Resources */,
			);
			buildRules = (
			);
			dependencies = (
				C530BA1723AEE92500873610 /* PBXTargetDependency */,
			);
			name = SchoolRatingUITests;
			productName = SchoolRatingUITests;
			productReference = C530BA1523AEE92500873610 /* SchoolRatingUITests.xctest */;
			productType = "com.apple.product-type.bundle.ui-testing";
		};
/* End PBXNativeTarget section */

/* Begin PBXProject section */
		C530B9EC23AEE92200873610 /* Project object */ = {
			isa = PBXProject;
			attributes = {
				LastSwiftUpdateCheck = 1120;
				LastUpgradeCheck = 1120;
				ORGANIZATIONNAME = "Enric Pou Villanueva";
				TargetAttributes = {
					C530B9F323AEE92200873610 = {
						CreatedOnToolsVersion = 11.2.1;
					};
					C530BA0923AEE92500873610 = {
						CreatedOnToolsVersion = 11.2.1;
						TestTargetID = C530B9F323AEE92200873610;
					};
					C530BA1423AEE92500873610 = {
						CreatedOnToolsVersion = 11.2.1;
						TestTargetID = C530B9F323AEE92200873610;
					};
				};
			};
			buildConfigurationList = C530B9EF23AEE92200873610 /* Build configuration list for PBXProject "SchoolRating" */;
			compatibilityVersion = "Xcode 9.3";
			developmentRegion = en;
			hasScannedForEncodings = 0;
			knownRegions = (
				en,
				Base,
			);
			mainGroup = C530B9EB23AEE92200873610;
			productRefGroup = C530B9F523AEE92200873610 /* Products */;
			projectDirPath = "";
			projectRoot = "";
			targets = (
				C530B9F323AEE92200873610 /* SchoolRating */,
				C530BA0923AEE92500873610 /* SchoolRatingTests */,
				C530BA1423AEE92500873610 /* SchoolRatingUITests */,
			);
		};
/* End PBXProject section */

/* Begin PBXResourcesBuildPhase section */
		C530B9F223AEE92200873610 /* Resources */ = {
			isa = PBXResourcesBuildPhase;
			buildActionMask = 2147483647;
			files = (
				C530BA0423AEE92500873610 /* LaunchScreen.storyboard in Resources */,
				C530BA0123AEE92500873610 /* Assets.xcassets in Resources */,
				C530B9FF23AEE92200873610 /* Main.storyboard in Resources */,
			);
			runOnlyForDeploymentPostprocessing = 0;
		};
		C530BA0823AEE92500873610 /* Resources */ = {
			isa = PBXResourcesBuildPhase;
			buildActionMask = 2147483647;
			files = (
			);
			runOnlyForDeploymentPostprocessing = 0;
		};
		C530BA1323AEE92500873610 /* Resources */ = {
			isa = PBXResourcesBuildPhase;
			buildActionMask = 2147483647;
			files = (
			);
			runOnlyForDeploymentPostprocessing = 0;
		};
/* End PBXResourcesBuildPhase section */

/* Begin PBXSourcesBuildPhase section */
		C530B9F023AEE92200873610 /* Sources */ = {
			isa = PBXSourcesBuildPhase;
			buildActionMask = 2147483647;
			files = (
				C530B9FC23AEE92200873610 /* ViewController.swift in Sources */,
				C530B9F823AEE92200873610 /* AppDelegate.swift in Sources */,
				C530B9FA23AEE92200873610 /* SceneDelegate.swift in Sources */,
			);
			runOnlyForDeploymentPostprocessing = 0;
		};
		C530BA0623AEE92500873610 /* Sources */ = {
			isa = PBXSourcesBuildPhase;
			buildActionMask = 2147483647;
			files = (
				C530BA0F23AEE92500873610 /* SchoolRatingTests.swift in Sources */,
			);
			runOnlyForDeploymentPostprocessing = 0;
		};
		C530BA1123AEE92500873610 /* Sources */ = {
			isa = PBXSourcesBuildPhase;
			buildActionMask = 2147483647;
			files = (
				C530BA1A23AEE92500873610 /* SchoolRatingUITests.swift in Sources */,
			);
			runOnlyForDeploymentPostprocessing = 0;
		};
/* End PBXSourcesBuildPhase section */

/* Begin PBXTargetDependency section */
		C530BA0C23AEE92500873610 /* PBXTargetDependency */ = {
			isa = PBXTargetDependency;
			target = C530B9F323AEE92200873610 /* SchoolRating */;
			targetProxy = C530BA0B23AEE92500873610 /* PBXContainerItemProxy */;
		};
		C530BA1723AEE92500873610 /* PBXTargetDependency */ = {
			isa = PBXTargetDependency;
			target = C530B9F323AEE92200873610 /* SchoolRating */;
			targetProxy = C530BA1623AEE92500873610 /* PBXContainerItemProxy */;
		};
/* End PBXTargetDependency section */

/* Begin PBXVariantGroup section */
		C530B9FD23AEE92200873610 /* Main.storyboard */ = {
			isa = PBXVariantGroup;
			children = (
				C530B9FE23AEE92200873610 /* Base */,
			);
			name = Main.storyboard;
			sourceTree = "<group>";
		};
		C530BA0223AEE92500873610 /* LaunchScreen.storyboard */ = {
			isa = PBXVariantGroup;
			children = (
				C530BA0323AEE92500873610 /* Base */,
			);
			name = LaunchScreen.storyboard;
			sourceTree = "<group>";
		};
/* End PBXVariantGroup section */

/* Begin XCBuildConfiguration section */
		C530BA1C23AEE92500873610 /* Debug */ = {
			isa = XCBuildConfiguration;
			buildSettings = {
				ALWAYS_SEARCH_USER_PATHS = NO;
				CLANG_ANALYZER_NONNULL = YES;
				CLANG_ANALYZER_NUMBER_OBJECT_CONVERSION = YES_AGGRESSIVE;
				CLANG_CXX_LANGUAGE_STANDARD = "gnu++14";
				CLANG_CXX_LIBRARY = "libc++";
				CLANG_ENABLE_MODULES = YES;
				CLANG_ENABLE_OBJC_ARC = YES;
				CLANG_ENABLE_OBJC_WEAK = YES;
				CLANG_WARN_BLOCK_CAPTURE_AUTORELEASING = YES;
				CLANG_WARN_BOOL_CONVERSION = YES;
				CLANG_WARN_COMMA = YES;
				CLANG_WARN_CONSTANT_CONVERSION = YES;
				CLANG_WARN_DEPRECATED_OBJC_IMPLEMENTATIONS = YES;
				CLANG_WARN_DIRECT_OBJC_ISA_USAGE = YES_ERROR;
				CLANG_WARN_DOCUMENTATION_COMMENTS = YES;
				CLANG_WARN_EMPTY_BODY = YES;
				CLANG_WARN_ENUM_CONVERSION = YES;
				CLANG_WARN_INFINITE_RECURSION = YES;
				CLANG_WARN_INT_CONVERSION = YES;
				CLANG_WARN_NON_LITERAL_NULL_CONVERSION = YES;
				CLANG_WARN_OBJC_IMPLICIT_RETAIN_SELF = YES;
				CLANG_WARN_OBJC_LITERAL_CONVERSION = YES;
				CLANG_WARN_OBJC_ROOT_CLASS = YES_ERROR;
				CLANG_WARN_RANGE_LOOP_ANALYSIS = YES;
				CLANG_WARN_STRICT_PROTOTYPES = YES;
				CLANG_WARN_SUSPICIOUS_MOVE = YES;
				CLANG_WARN_UNGUARDED_AVAILABILITY = YES_AGGRESSIVE;
				CLANG_WARN_UNREACHABLE_CODE = YES;
				CLANG_WARN__DUPLICATE_METHOD_MATCH = YES;
				COPY_PHASE_STRIP = NO;
				DEBUG_INFORMATION_FORMAT = dwarf;
				ENABLE_STRICT_OBJC_MSGSEND = YES;
				ENABLE_TESTABILITY = YES;
				GCC_C_LANGUAGE_STANDARD = gnu11;
				GCC_DYNAMIC_NO_PIC = NO;
				GCC_NO_COMMON_BLOCKS = YES;
				GCC_OPTIMIZATION_LEVEL = 0;
				GCC_PREPROCESSOR_DEFINITIONS = (
					"DEBUG=1",
					"$(inherited)",
				);
				GCC_WARN_64_TO_32_BIT_CONVERSION = YES;
				GCC_WARN_ABOUT_RETURN_TYPE = YES_ERROR;
				GCC_WARN_UNDECLARED_SELECTOR = YES;
				GCC_WARN_UNINITIALIZED_AUTOS = YES_AGGRESSIVE;
				GCC_WARN_UNUSED_FUNCTION = YES;
				GCC_WARN_UNUSED_VARIABLE = YES;
				IPHONEOS_DEPLOYMENT_TARGET = 13.2;
				MTL_ENABLE_DEBUG_INFO = INCLUDE_SOURCE;
				MTL_FAST_MATH = YES;
				ONLY_ACTIVE_ARCH = YES;
				SDKROOT = iphoneos;
				SWIFT_ACTIVE_COMPILATION_CONDITIONS = DEBUG;
				SWIFT_OPTIMIZATION_LEVEL = "-Onone";
			};
			name = Debug;
		};
		C530BA1D23AEE92500873610 /* Release */ = {
			isa = XCBuildConfiguration;
			buildSettings = {
				ALWAYS_SEARCH_USER_PATHS = NO;
				CLANG_ANALYZER_NONNULL = YES;
				CLANG_ANALYZER_NUMBER_OBJECT_CONVERSION = YES_AGGRESSIVE;
				CLANG_CXX_LANGUAGE_STANDARD = "gnu++14";
				CLANG_CXX_LIBRARY = "libc++";
				CLANG_ENABLE_MODULES = YES;
				CLANG_ENABLE_OBJC_ARC = YES;
				CLANG_ENABLE_OBJC_WEAK = YES;
				CLANG_WARN_BLOCK_CAPTURE_AUTORELEASING = YES;
				CLANG_WARN_BOOL_CONVERSION = YES;
				CLANG_WARN_COMMA = YES;
				CLANG_WARN_CONSTANT_CONVERSION = YES;
				CLANG_WARN_DEPRECATED_OBJC_IMPLEMENTATIONS = YES;
				CLANG_WARN_DIRECT_OBJC_ISA_USAGE = YES_ERROR;
				CLANG_WARN_DOCUMENTATION_COMMENTS = YES;
				CLANG_WARN_EMPTY_BODY = YES;
				CLANG_WARN_ENUM_CONVERSION = YES;
				CLANG_WARN_INFINITE_RECURSION = YES;
				CLANG_WARN_INT_CONVERSION = YES;
				CLANG_WARN_NON_LITERAL_NULL_CONVERSION = YES;
				CLANG_WARN_OBJC_IMPLICIT_RETAIN_SELF = YES;
				CLANG_WARN_OBJC_LITERAL_CONVERSION = YES;
				CLANG_WARN_OBJC_ROOT_CLASS = YES_ERROR;
				CLANG_WARN_RANGE_LOOP_ANALYSIS = YES;
				CLANG_WARN_STRICT_PROTOTYPES = YES;
				CLANG_WARN_SUSPICIOUS_MOVE = YES;
				CLANG_WARN_UNGUARDED_AVAILABILITY = YES_AGGRESSIVE;
				CLANG_WARN_UNREACHABLE_CODE = YES;
				CLANG_WARN__DUPLICATE_METHOD_MATCH = YES;
				COPY_PHASE_STRIP = NO;
				DEBUG_INFORMATION_FORMAT = "dwarf-with-dsym";
				ENABLE_NS_ASSERTIONS = NO;
				ENABLE_STRICT_OBJC_MSGSEND = YES;
				GCC_C_LANGUAGE_STANDARD = gnu11;
				GCC_NO_COMMON_BLOCKS = YES;
				GCC_WARN_64_TO_32_BIT_CONVERSION = YES;
				GCC_WARN_ABOUT_RETURN_TYPE = YES_ERROR;
				GCC_WARN_UNDECLARED_SELECTOR = YES;
				GCC_WARN_UNINITIALIZED_AUTOS = YES_AGGRESSIVE;
				GCC_WARN_UNUSED_FUNCTION = YES;
				GCC_WARN_UNUSED_VARIABLE = YES;
				IPHONEOS_DEPLOYMENT_TARGET = 13.2;
				MTL_ENABLE_DEBUG_INFO = NO;
				MTL_FAST_MATH = YES;
				SDKROOT = iphoneos;
				SWIFT_COMPILATION_MODE = wholemodule;
				SWIFT_OPTIMIZATION_LEVEL = "-O";
				VALIDATE_PRODUCT = YES;
			};
			name = Release;
		};
		C530BA1F23AEE92500873610 /* Debug */ = {
			isa = XCBuildConfiguration;
			buildSettings = {
				ASSETCATALOG_COMPILER_APPICON_NAME = AppIcon;
				CODE_SIGN_STYLE = Automatic;
				DEVELOPMENT_TEAM = DU4SSYH2B5;
				INFOPLIST_FILE = SchoolRating/Info.plist;
				LD_RUNPATH_SEARCH_PATHS = (
					"$(inherited)",
					"@executable_path/Frameworks",
				);
				PRODUCT_BUNDLE_IDENTIFIER = enricPou.SchoolRating;
				PRODUCT_NAME = "$(TARGET_NAME)";
				SWIFT_VERSION = 5.0;
				TARGETED_DEVICE_FAMILY = "1,2";
			};
			name = Debug;
		};
		C530BA2023AEE92500873610 /* Release */ = {
			isa = XCBuildConfiguration;
			buildSettings = {
				ASSETCATALOG_COMPILER_APPICON_NAME = AppIcon;
				CODE_SIGN_STYLE = Automatic;
				DEVELOPMENT_TEAM = DU4SSYH2B5;
				INFOPLIST_FILE = SchoolRating/Info.plist;
				LD_RUNPATH_SEARCH_PATHS = (
					"$(inherited)",
					"@executable_path/Frameworks",
				);
				PRODUCT_BUNDLE_IDENTIFIER = enricPou.SchoolRating;
				PRODUCT_NAME = "$(TARGET_NAME)";
				SWIFT_VERSION = 5.0;
				TARGETED_DEVICE_FAMILY = "1,2";
			};
			name = Release;
		};
		C530BA2223AEE92500873610 /* Debug */ = {
			isa = XCBuildConfiguration;
			buildSettings = {
				ALWAYS_EMBED_SWIFT_STANDARD_LIBRARIES = YES;
				BUNDLE_LOADER = "$(TEST_HOST)";
				CODE_SIGN_STYLE = Automatic;
				DEVELOPMENT_TEAM = DU4SSYH2B5;
				INFOPLIST_FILE = SchoolRatingTests/Info.plist;
				IPHONEOS_DEPLOYMENT_TARGET = 13.2;
				LD_RUNPATH_SEARCH_PATHS = (
					"$(inherited)",
					"@executable_path/Frameworks",
					"@loader_path/Frameworks",
				);
				PRODUCT_BUNDLE_IDENTIFIER = enricPou.SchoolRatingTests;
				PRODUCT_NAME = "$(TARGET_NAME)";
				SWIFT_VERSION = 5.0;
				TARGETED_DEVICE_FAMILY = "1,2";
				TEST_HOST = "$(BUILT_PRODUCTS_DIR)/SchoolRating.app/SchoolRating";
			};
			name = Debug;
		};
		C530BA2323AEE92500873610 /* Release */ = {
			isa = XCBuildConfiguration;
			buildSettings = {
				ALWAYS_EMBED_SWIFT_STANDARD_LIBRARIES = YES;
				BUNDLE_LOADER = "$(TEST_HOST)";
				CODE_SIGN_STYLE = Automatic;
				DEVELOPMENT_TEAM = DU4SSYH2B5;
				INFOPLIST_FILE = SchoolRatingTests/Info.plist;
				IPHONEOS_DEPLOYMENT_TARGET = 13.2;
				LD_RUNPATH_SEARCH_PATHS = (
					"$(inherited)",
					"@executable_path/Frameworks",
					"@loader_path/Frameworks",
				);
				PRODUCT_BUNDLE_IDENTIFIER = enricPou.SchoolRatingTests;
				PRODUCT_NAME = "$(TARGET_NAME)";
				SWIFT_VERSION = 5.0;
				TARGETED_DEVICE_FAMILY = "1,2";
				TEST_HOST = "$(BUILT_PRODUCTS_DIR)/SchoolRating.app/SchoolRating";
			};
			name = Release;
		};
		C530BA2523AEE92500873610 /* Debug */ = {
			isa = XCBuildConfiguration;
			buildSettings = {
				ALWAYS_EMBED_SWIFT_STANDARD_LIBRARIES = YES;
				CODE_SIGN_STYLE = Automatic;
				DEVELOPMENT_TEAM = DU4SSYH2B5;
				INFOPLIST_FILE = SchoolRatingUITests/Info.plist;
				LD_RUNPATH_SEARCH_PATHS = (
					"$(inherited)",
					"@executable_path/Frameworks",
					"@loader_path/Frameworks",
				);
				PRODUCT_BUNDLE_IDENTIFIER = enricPou.SchoolRatingUITests;
				PRODUCT_NAME = "$(TARGET_NAME)";
				SWIFT_VERSION = 5.0;
				TARGETED_DEVICE_FAMILY = "1,2";
				TEST_TARGET_NAME = SchoolRating;
			};
			name = Debug;
		};
		C530BA2623AEE92500873610 /* Release */ = {
			isa = XCBuildConfiguration;
			buildSettings = {
				ALWAYS_EMBED_SWIFT_STANDARD_LIBRARIES = YES;
				CODE_SIGN_STYLE = Automatic;
				DEVELOPMENT_TEAM = DU4SSYH2B5;
				INFOPLIST_FILE = SchoolRatingUITests/Info.plist;
				LD_RUNPATH_SEARCH_PATHS = (
					"$(inherited)",
					"@executable_path/Frameworks",
					"@loader_path/Frameworks",
				);
				PRODUCT_BUNDLE_IDENTIFIER = enricPou.SchoolRatingUITests;
				PRODUCT_NAME = "$(TARGET_NAME)";
				SWIFT_VERSION = 5.0;
				TARGETED_DEVICE_FAMILY = "1,2";
				TEST_TARGET_NAME = SchoolRating;
			};
			name = Release;
		};
/* End XCBuildConfiguration section */

/* Begin XCConfigurationList section */
		C530B9EF23AEE92200873610 /* Build configuration list for PBXProject "SchoolRating" */ = {
			isa = XCConfigurationList;
			buildConfigurations = (
				C530BA1C23AEE92500873610 /* Debug */,
				C530BA1D23AEE92500873610 /* Release */,
			);
			defaultConfigurationIsVisible = 0;
			defaultConfigurationName = Release;
		};
		C530BA1E23AEE92500873610 /* Build configuration list for PBXNativeTarget "SchoolRating" */ = {
			isa = XCConfigurationList;
			buildConfigurations = (
				C530BA1F23AEE92500873610 /* Debug */,
				C530BA2023AEE92500873610 /* Release */,
			);
			defaultConfigurationIsVisible = 0;
			defaultConfigurationName = Release;
		};
		C530BA2123AEE92500873610 /* Build configuration list for PBXNativeTarget "SchoolRatingTests" */ = {
			isa = XCConfigurationList;
			buildConfigurations = (
				C530BA2223AEE92500873610 /* Debug */,
				C530BA2323AEE92500873610 /* Release */,
			);
			defaultConfigurationIsVisible = 0;
			defaultConfigurationName = Release;
		};
		C530BA2423AEE92500873610 /* Build configuration list for PBXNativeTarget "SchoolRatingUITests" */ = {
			isa = XCConfigurationList;
			buildConfigurations = (
				C530BA2523AEE92500873610 /* Debug */,
				C530BA2623AEE92500873610 /* Release */,
			);
			defaultConfigurationIsVisible = 0;
			defaultConfigurationName = Release;
		};
/* End XCConfigurationList section */
	};
	rootObject = C530B9EC23AEE92200873610 /* Project object */;
}
